
Microsoft Visual Studio Solution File, Format Version 12.00
# Visual Studio Version 16
VisualStudioVersion = 16.0.31205.134
MinimumVisualStudioVersion = 10.0.40219.1
Project("{9A19103F-16F7-4668-BE54-9A1E7A4F7556}") = "DuckHunting", "try2\DuckHunting.csproj", "{BAECF7B3-312A-4912-87A5-00BB8EF25584}"
EndProject
Global
	GlobalSection(SolutionConfigurationPlatforms) = preSolution
		Debug|Any CPU = Debug|Any CPU
		Release|Any CPU = Release|Any CPU
	EndGlobalSection
	GlobalSection(ProjectConfigurationPlatforms) = postSolution
		{BAECF7B3-312A-4912-87A5-00BB8EF25584}.Debug|Any CPU.ActiveCfg = Debug|Any CPU
		{BAECF7B3-312A-4912-87A5-00BB8EF25584}.Debug|Any CPU.Build.0 = Debug|Any CPU
		{BAECF7B3-312A-4912-87A5-00BB8EF25584}.Release|Any CPU.ActiveCfg = Release|Any CPU
		{BAECF7B3-312A-4912-87A5-00BB8EF25584}.Release|Any CPU.Build.0 = Release|Any CPU
	EndGlobalSection
	GlobalSection(SolutionProperties) = preSolution
		HideSolutionNode = FALSE
	EndGlobalSection
	GlobalSection(ExtensibilityGlobals) = postSolution
		SolutionGuid = {D74F43EE-E961-4BF6-BA49-D9C6867014BF}
	EndGlobalSection
EndGlobal
